
Microsoft Visual Studio Solution File, Format Version 12.00
# Visual Studio Version 16
VisualStudioVersion = 16.0.30225.117
MinimumVisualStudioVersion = 10.0.40219.1
Project("{FAE04EC0-301F-11D3-BF4B-00C04F79EFBC}") = "IdentityTokenBasedAuth", "IdentityTokenBasedAuth\IdentityTokenBasedAuth.csproj", "{534DD1D8-F6C7-4C8A-BABF-3E475219C705}"
EndProject
Global
	GlobalSection(SolutionConfigurationPlatforms) = preSolution
		Debug|Any CPU = Debug|Any CPU
		Release|Any CPU = Release|Any CPU
	EndGlobalSection
	GlobalSection(ProjectConfigurationPlatforms) = postSolution
		{534DD1D8-F6C7-4C8A-BABF-3E475219C705}.Debug|Any CPU.ActiveCfg = Debug|Any CPU
		{534DD1D8-F6C7-4C8A-BABF-3E475219C705}.Debug|Any CPU.Build.0 = Debug|Any CPU
		{534DD1D8-F6C7-4C8A-BABF-3E475219C705}.Release|Any CPU.ActiveCfg = Release|Any CPU
		{534DD1D8-F6C7-4C8A-BABF-3E475219C705}.Release|Any CPU.Build.0 = Release|Any CPU
	EndGlobalSection
	GlobalSection(SolutionProperties) = preSolution
		HideSolutionNode = FALSE
	EndGlobalSection
	GlobalSection(ExtensibilityGlobals) = postSolution
		SolutionGuid = {3DA378CA-76B3-486E-B2C9-07745BFFD1BA}
	EndGlobalSection
EndGlobal
